
Microsoft Visual Studio Solution File, Format Version 12.00
# Visual Studio 14
VisualStudioVersion = 14.0.25420.1
MinimumVisualStudioVersion = 10.0.40219.1
Project("{FAE04EC0-301F-11D3-BF4B-00C04F79EFBC}") = "Exam.Data", "Exam.Data\Exam.Data.csproj", "{F5AFE349-C4D8-4B3C-95A7-6232343FC616}"
EndProject
Project("{FAE04EC0-301F-11D3-BF4B-00C04F79EFBC}") = "Exam.Service", "Exam.Service\Exam.Service.csproj", "{9BB2AD49-97D9-4902-85E4-3E33CFF4A82B}"
EndProject
Project("{FAE04EC0-301F-11D3-BF4B-00C04F79EFBC}") = "Service.Pattern", "Service.Pattern\Service.Pattern.csproj", "{978ECCE0-90C1-45D2-91AD-456D1C18FF6A}"
EndProject
Project("{FAE04EC0-301F-11D3-BF4B-00C04F79EFBC}") = "Exam.Domain", "Exam.Domain\Exam.Domain.csproj", "{1963CD44-A49A-4813-94C5-6C265E9C4003}"
EndProject
Project("{FAE04EC0-301F-11D3-BF4B-00C04F79EFBC}") = "PiWeb", "PiWeb\PiWeb.csproj", "{A51CAC88-5904-4F0D-B155-8F005BEE1FA0}"
EndProject
Global
	GlobalSection(SolutionConfigurationPlatforms) = preSolution
		Debug|Any CPU = Debug|Any CPU
		Release|Any CPU = Release|Any CPU
	EndGlobalSection
	GlobalSection(ProjectConfigurationPlatforms) = postSolution
		{F5AFE349-C4D8-4B3C-95A7-6232343FC616}.Debug|Any CPU.ActiveCfg = Debug|Any CPU
		{F5AFE349-C4D8-4B3C-95A7-6232343FC616}.Debug|Any CPU.Build.0 = Debug|Any CPU
		{F5AFE349-C4D8-4B3C-95A7-6232343FC616}.Release|Any CPU.ActiveCfg = Release|Any CPU
		{F5AFE349-C4D8-4B3C-95A7-6232343FC616}.Release|Any CPU.Build.0 = Release|Any CPU
		{9BB2AD49-97D9-4902-85E4-3E33CFF4A82B}.Debug|Any CPU.ActiveCfg = Debug|Any CPU
		{9BB2AD49-97D9-4902-85E4-3E33CFF4A82B}.Debug|Any CPU.Build.0 = Debug|Any CPU
		{9BB2AD49-97D9-4902-85E4-3E33CFF4A82B}.Release|Any CPU.ActiveCfg = Release|Any CPU
		{9BB2AD49-97D9-4902-85E4-3E33CFF4A82B}.Release|Any CPU.Build.0 = Release|Any CPU
		{978ECCE0-90C1-45D2-91AD-456D1C18FF6A}.Debug|Any CPU.ActiveCfg = Debug|Any CPU
		{978ECCE0-90C1-45D2-91AD-456D1C18FF6A}.Debug|Any CPU.Build.0 = Debug|Any CPU
		{978ECCE0-90C1-45D2-91AD-456D1C18FF6A}.Release|Any CPU.ActiveCfg = Release|Any CPU
		{978ECCE0-90C1-45D2-91AD-456D1C18FF6A}.Release|Any CPU.Build.0 = Release|Any CPU
		{1963CD44-A49A-4813-94C5-6C265E9C4003}.Debug|Any CPU.ActiveCfg = Debug|Any CPU
		{1963CD44-A49A-4813-94C5-6C265E9C4003}.Debug|Any CPU.Build.0 = Debug|Any CPU
		{1963CD44-A49A-4813-94C5-6C265E9C4003}.Release|Any CPU.ActiveCfg = Release|Any CPU
		{1963CD44-A49A-4813-94C5-6C265E9C4003}.Release|Any CPU.Build.0 = Release|Any CPU
		{A51CAC88-5904-4F0D-B155-8F005BEE1FA0}.Debug|Any CPU.ActiveCfg = Debug|Any CPU
		{A51CAC88-5904-4F0D-B155-8F005BEE1FA0}.Debug|Any CPU.Build.0 = Debug|Any CPU
		{A51CAC88-5904-4F0D-B155-8F005BEE1FA0}.Release|Any CPU.ActiveCfg = Release|Any CPU
		{A51CAC88-5904-4F0D-B155-8F005BEE1FA0}.Release|Any CPU.Build.0 = Release|Any CPU
	EndGlobalSection
	GlobalSection(SolutionProperties) = preSolution
		HideSolutionNode = FALSE
	EndGlobalSection
EndGlobal
